// !$*UTF8*$!
{
	archiveVersion = 1;
	classes = {
	};
	objectVersion = 46;
	objects = {

/* Begin PBXBuildFile section */
		E4431CFF15CB860300918F2F /* UIKit.framework in Frameworks */ = {isa = PBXBuildFile; fileRef = E4431CFE15CB860300918F2F /* UIKit.framework */; };
		E4431D0115CB860300918F2F /* Foundation.framework in Frameworks */ = {isa = PBXBuildFile; fileRef = E4431D0015CB860300918F2F /* Foundation.framework */; };
		E4431D0315CB860300918F2F /* CoreGraphics.framework in Frameworks */ = {isa = PBXBuildFile; fileRef = E4431D0215CB860300918F2F /* CoreGraphics.framework */; };
		E4431D0915CB860300918F2F /* InfoPlist.strings in Resources */ = {isa = PBXBuildFile; fileRef = E4431D0715CB860300918F2F /* InfoPlist.strings */; };
		E4431D0B15CB860300918F2F /* main.m in Sources */ = {isa = PBXBuildFile; fileRef = E4431D0A15CB860300918F2F /* main.m */; };
		E4431D0F15CB860300918F2F /* MMAppDelegate.m in Sources */ = {isa = PBXBuildFile; fileRef = E4431D0E15CB860300918F2F /* MMAppDelegate.m */; };
		E4431D1215CB860300918F2F /* MMSmartHeaderWebView.m in Sources */ = {isa = PBXBuildFile; fileRef = E4431D1115CB860300918F2F /* MMSmartHeaderWebView.m */; };
		E4431D1515CB860300918F2F /* MMSmartHeaderWebView.xib in Resources */ = {isa = PBXBuildFile; fileRef = E4431D1315CB860300918F2F /* MMSmartHeaderWebView.xib */; };
		E4A34BBA15D02D830039734B /* scroll-bar.png in Resources */ = {isa = PBXBuildFile; fileRef = E4A34BB915D02D830039734B /* scroll-bar.png */; };
		E4A34BBD15D02FD30039734B /* scroll-bar@2x.png in Resources */ = {isa = PBXBuildFile; fileRef = E4A34BBC15D02FD30039734B /* scroll-bar@2x.png */; };
/* End PBXBuildFile section */

/* Begin PBXFileReference section */
		E4431CFA15CB860300918F2F /* MMWebViewWithSmartHeader.app */ = {isa = PBXFileReference; explicitFileType = wrapper.application; includeInIndex = 0; path = MMWebViewWithSmartHeader.app; sourceTree = BUILT_PRODUCTS_DIR; };
		E4431CFE15CB860300918F2F /* UIKit.framework */ = {isa = PBXFileReference; lastKnownFileType = wrapper.framework; name = UIKit.framework; path = System/Library/Frameworks/UIKit.framework; sourceTree = SDKROOT; };
		E4431D0015CB860300918F2F /* Foundation.framework */ = {isa = PBXFileReference; lastKnownFileType = wrapper.framework; name = Foundation.framework; path = System/Library/Frameworks/Foundation.framework; sourceTree = SDKROOT; };
		E4431D0215CB860300918F2F /* CoreGraphics.framework */ = {isa = PBXFileReference; lastKnownFileType = wrapper.framework; name = CoreGraphics.framework; path = System/Library/Frameworks/CoreGraphics.framework; sourceTree = SDKROOT; };
		E4431D0615CB860300918F2F /* MMWebViewWithSmartHeader-Info.plist */ = {isa = PBXFileReference; lastKnownFileType = text.plist.xml; path = "MMWebViewWithSmartHeader-Info.plist"; sourceTree = "<group>"; };
		E4431D0815CB860300918F2F /* en */ = {isa = PBXFileReference; lastKnownFileType = text.plist.strings; name = en; path = en.lproj/InfoPlist.strings; sourceTree = "<group>"; };
		E4431D0A15CB860300918F2F /* main.m */ = {isa = PBXFileReference; lastKnownFileType = sourcecode.c.objc; path = main.m; sourceTree = "<group>"; };
		E4431D0C15CB860300918F2F /* MMWebViewWithSmartHeader-Prefix.pch */ = {isa = PBXFileReference; lastKnownFileType = sourcecode.c.h; path = "MMWebViewWithSmartHeader-Prefix.pch"; sourceTree = "<group>"; };
		E4431D0D15CB860300918F2F /* MMAppDelegate.h */ = {isa = PBXFileReference; lastKnownFileType = sourcecode.c.h; path = MMAppDelegate.h; sourceTree = "<group>"; };
		E4431D0E15CB860300918F2F /* MMAppDelegate.m */ = {isa = PBXFileReference; lastKnownFileType = sourcecode.c.objc; path = MMAppDelegate.m; sourceTree = "<group>"; };
		E4431D1015CB860300918F2F /* MMSmartHeaderWebView.h */ = {isa = PBXFileReference; lastKnownFileType = sourcecode.c.h; path = MMSmartHeaderWebView.h; sourceTree = "<group>"; };
		E4431D1115CB860300918F2F /* MMSmartHeaderWebView.m */ = {isa = PBXFileReference; lastKnownFileType = sourcecode.c.objc; path = MMSmartHeaderWebView.m; sourceTree = "<group>"; };
		E4431D1415CB860300918F2F /* en */ = {isa = PBXFileReference; lastKnownFileType = file.xib; name = en; path = en.lproj/MMSmartHeaderWebView.xib; sourceTree = "<group>"; };
		E4A34BB915D02D830039734B /* scroll-bar.png */ = {isa = PBXFileReference; lastKnownFileType = image.png; path = "scroll-bar.png"; sourceTree = "<group>"; };
		E4A34BBC15D02FD30039734B /* scroll-bar@2x.png */ = {isa = PBXFileReference; lastKnownFileType = image.png; path = "scroll-bar@2x.png"; sourceTree = "<group>"; };
/* End PBXFileReference section */

/* Begin PBXFrameworksBuildPhase section */
		E4431CF715CB860300918F2F /* Frameworks */ = {
			isa = PBXFrameworksBuildPhase;
			buildActionMask = 2147483647;
			files = (
				E4431CFF15CB860300918F2F /* UIKit.framework in Frameworks */,
				E4431D0115CB860300918F2F /* Foundation.framework in Frameworks */,
				E4431D0315CB860300918F2F /* CoreGraphics.framework in Frameworks */,
			);
			runOnlyForDeploymentPostprocessing = 0;
		};
/* End PBXFrameworksBuildPhase section */

/* Begin PBXGroup section */
		E4431CEF15CB860300918F2F = {
			isa = PBXGroup;
			children = (
				E4A34BB815D02D830039734B /* images */,
				E4431D0415CB860300918F2F /* MMWebViewWithSmartHeader */,
				E4431CFD15CB860300918F2F /* Frameworks */,
				E4431CFB15CB860300918F2F /* Products */,
			);
			sourceTree = "<group>";
		};
		E4431CFB15CB860300918F2F /* Products */ = {
			isa = PBXGroup;
			children = (
				E4431CFA15CB860300918F2F /* MMWebViewWithSmartHeader.app */,
			);
			name = Products;
			sourceTree = "<group>";
		};
		E4431CFD15CB860300918F2F /* Frameworks */ = {
			isa = PBXGroup;
			children = (
				E4431CFE15CB860300918F2F /* UIKit.framework */,
				E4431D0015CB860300918F2F /* Foundation.framework */,
				E4431D0215CB860300918F2F /* CoreGraphics.framework */,
			);
			name = Frameworks;
			sourceTree = "<group>";
		};
		E4431D0415CB860300918F2F /* MMWebViewWithSmartHeader */ = {
			isa = PBXGroup;
			children = (
				E4431D0D15CB860300918F2F /* MMAppDelegate.h */,
				E4431D0E15CB860300918F2F /* MMAppDelegate.m */,
				E4431D1015CB860300918F2F /* MMSmartHeaderWebView.h */,
				E4431D1115CB860300918F2F /* MMSmartHeaderWebView.m */,
				E4431D1315CB860300918F2F /* MMSmartHeaderWebView.xib */,
				E4431D0515CB860300918F2F /* Supporting Files */,
			);
			path = MMWebViewWithSmartHeader;
			sourceTree = "<group>";
		};
		E4431D0515CB860300918F2F /* Supporting Files */ = {
			isa = PBXGroup;
			children = (
				E4431D0615CB860300918F2F /* MMWebViewWithSmartHeader-Info.plist */,
				E4431D0715CB860300918F2F /* InfoPlist.strings */,
				E4431D0A15CB860300918F2F /* main.m */,
				E4431D0C15CB860300918F2F /* MMWebViewWithSmartHeader-Prefix.pch */,
			);
			name = "Supporting Files";
			sourceTree = "<group>";
		};
		E4A34BB815D02D830039734B /* images */ = {
			isa = PBXGroup;
			children = (
				E4A34BBC15D02FD30039734B /* scroll-bar@2x.png */,
				E4A34BB915D02D830039734B /* scroll-bar.png */,
			);
			name = images;
			path = MMWebViewWithSmartHeader/images;
			sourceTree = "<group>";
		};
/* End PBXGroup section */

/* Begin PBXNativeTarget section */
		E4431CF915CB860300918F2F /* MMWebViewWithSmartHeader */ = {
			isa = PBXNativeTarget;
			buildConfigurationList = E4431D1815CB860300918F2F /* Build configuration list for PBXNativeTarget "MMWebViewWithSmartHeader" */;
			buildPhases = (
				E4431CF615CB860300918F2F /* Sources */,
				E4431CF715CB860300918F2F /* Frameworks */,
				E4431CF815CB860300918F2F /* Resources */,
			);
			buildRules = (
			);
			dependencies = (
			);
			name = MMWebViewWithSmartHeader;
			productName = MMWebViewWithSmartHeader;
			productReference = E4431CFA15CB860300918F2F /* MMWebViewWithSmartHeader.app */;
			productType = "com.apple.product-type.application";
		};
/* End PBXNativeTarget section */

/* Begin PBXProject section */
		E4431CF115CB860300918F2F /* Project object */ = {
			isa = PBXProject;
			attributes = {
				CLASSPREFIX = MM;
				LastUpgradeCheck = 0440;
				ORGANIZATIONNAME = "Michael Manesh";
			};
			buildConfigurationList = E4431CF415CB860300918F2F /* Build configuration list for PBXProject "MMWebViewWithSmartHeader" */;
			compatibilityVersion = "Xcode 3.2";
			developmentRegion = English;
			hasScannedForEncodings = 0;
			knownRegions = (
				en,
			);
			mainGroup = E4431CEF15CB860300918F2F;
			productRefGroup = E4431CFB15CB860300918F2F /* Products */;
			projectDirPath = "";
			projectRoot = "";
			targets = (
				E4431CF915CB860300918F2F /* MMWebViewWithSmartHeader */,
			);
		};
/* End PBXProject section */

/* Begin PBXResourcesBuildPhase section */
		E4431CF815CB860300918F2F /* Resources */ = {
			isa = PBXResourcesBuildPhase;
			buildActionMask = 2147483647;
			files = (
				E4431D0915CB860300918F2F /* InfoPlist.strings in Resources */,
				E4431D1515CB860300918F2F /* MMSmartHeaderWebView.xib in Resources */,
				E4A34BBA15D02D830039734B /* scroll-bar.png in Resources */,
				E4A34BBD15D02FD30039734B /* scroll-bar@2x.png in Resources */,
			);
			runOnlyForDeploymentPostprocessing = 0;
		};
/* End PBXResourcesBuildPhase section */

/* Begin PBXSourcesBuildPhase section */
		E4431CF615CB860300918F2F /* Sources */ = {
			isa = PBXSourcesBuildPhase;
			buildActionMask = 2147483647;
			files = (
				E4431D0B15CB860300918F2F /* main.m in Sources */,
				E4431D0F15CB860300918F2F /* MMAppDelegate.m in Sources */,
				E4431D1215CB860300918F2F /* MMSmartHeaderWebView.m in Sources */,
			);
			runOnlyForDeploymentPostprocessing = 0;
		};
/* End PBXSourcesBuildPhase section */

/* Begin PBXVariantGroup section */
		E4431D0715CB860300918F2F /* InfoPlist.strings */ = {
			isa = PBXVariantGroup;
			children = (
				E4431D0815CB860300918F2F /* en */,
			);
			name = InfoPlist.strings;
			sourceTree = "<group>";
		};
		E4431D1315CB860300918F2F /* MMSmartHeaderWebView.xib */ = {
			isa = PBXVariantGroup;
			children = (
				E4431D1415CB860300918F2F /* en */,
			);
			name = MMSmartHeaderWebView.xib;
			sourceTree = "<group>";
		};
/* End PBXVariantGroup section */

/* Begin XCBuildConfiguration section */
		E4431D1615CB860300918F2F /* Debug */ = {
			isa = XCBuildConfiguration;
			buildSettings = {
				ALWAYS_SEARCH_USER_PATHS = NO;
				ARCHS = "$(ARCHS_STANDARD_32_BIT)";
				CLANG_CXX_LANGUAGE_STANDARD = "gnu++0x";
				CLANG_ENABLE_OBJC_ARC = YES;
				CLANG_WARN__DUPLICATE_METHOD_MATCH = YES;
				"CODE_SIGN_IDENTITY[sdk=iphoneos*]" = "iPhone Developer";
				COPY_PHASE_STRIP = NO;
				GCC_C_LANGUAGE_STANDARD = gnu99;
				GCC_DYNAMIC_NO_PIC = NO;
				GCC_OPTIMIZATION_LEVEL = 0;
				GCC_PREPROCESSOR_DEFINITIONS = (
					"DEBUG=1",
					"$(inherited)",
				);
				GCC_SYMBOLS_PRIVATE_EXTERN = NO;
				GCC_VERSION = com.apple.compilers.llvm.clang.1_0;
				GCC_WARN_ABOUT_RETURN_TYPE = YES;
				GCC_WARN_UNINITIALIZED_AUTOS = YES;
				GCC_WARN_UNUSED_VARIABLE = YES;
				IPHONEOS_DEPLOYMENT_TARGET = 5.1;
				SDKROOT = iphoneos;
			};
			name = Debug;
		};
		E4431D1715CB860300918F2F /* Release */ = {
			isa = XCBuildConfiguration;
			buildSettings = {
				ALWAYS_SEARCH_USER_PATHS = NO;
				ARCHS = "$(ARCHS_STANDARD_32_BIT)";
				CLANG_CXX_LANGUAGE_STANDARD = "gnu++0x";
				CLANG_ENABLE_OBJC_ARC = YES;
				CLANG_WARN__DUPLICATE_METHOD_MATCH = YES;
				"CODE_SIGN_IDENTITY[sdk=iphoneos*]" = "iPhone Developer";
				COPY_PHASE_STRIP = YES;
				GCC_C_LANGUAGE_STANDARD = gnu99;
				GCC_VERSION = com.apple.compilers.llvm.clang.1_0;
				GCC_WARN_ABOUT_RETURN_TYPE = YES;
				GCC_WARN_UNINITIALIZED_AUTOS = YES;
				GCC_WARN_UNUSED_VARIABLE = YES;
				IPHONEOS_DEPLOYMENT_TARGET = 5.1;
				OTHER_CFLAGS = "-DNS_BLOCK_ASSERTIONS=1";
				SDKROOT = iphoneos;
				VALIDATE_PRODUCT = YES;
			};
			name = Release;
		};
		E4431D1915CB860300918F2F /* Debug */ = {
			isa = XCBuildConfiguration;
			buildSettings = {
				GCC_PRECOMPILE_PREFIX_HEADER = YES;
				GCC_PREFIX_HEADER = "MMWebViewWithSmartHeader/MMWebViewWithSmartHeader-Prefix.pch";
				INFOPLIST_FILE = "MMWebViewWithSmartHeader/MMWebViewWithSmartHeader-Info.plist";
				PRODUCT_NAME = "$(TARGET_NAME)";
				WRAPPER_EXTENSION = app;
			};
			name = Debug;
		};
		E4431D1A15CB860300918F2F /* Release */ = {
			isa = XCBuildConfiguration;
			buildSettings = {
				GCC_PRECOMPILE_PREFIX_HEADER = YES;
				GCC_PREFIX_HEADER = "MMWebViewWithSmartHeader/MMWebViewWithSmartHeader-Prefix.pch";
				INFOPLIST_FILE = "MMWebViewWithSmartHeader/MMWebViewWithSmartHeader-Info.plist";
				PRODUCT_NAME = "$(TARGET_NAME)";
				WRAPPER_EXTENSION = app;
			};
			name = Release;
		};
/* End XCBuildConfiguration section */

/* Begin XCConfigurationList section */
		E4431CF415CB860300918F2F /* Build configuration list for PBXProject "MMWebViewWithSmartHeader" */ = {
			isa = XCConfigurationList;
			buildConfigurations = (
				E4431D1615CB860300918F2F /* Debug */,
				E4431D1715CB860300918F2F /* Release */,
			);
			defaultConfigurationIsVisible = 0;
			defaultConfigurationName = Release;
		};
		E4431D1815CB860300918F2F /* Build configuration list for PBXNativeTarget "MMWebViewWithSmartHeader" */ = {
			isa = XCConfigurationList;
			buildConfigurations = (
				E4431D1915CB860300918F2F /* Debug */,
				E4431D1A15CB860300918F2F /* Release */,
			);
			defaultConfigurationIsVisible = 0;
			defaultConfigurationName = Release;
		};
/* End XCConfigurationList section */
	};
	rootObject = E4431CF115CB860300918F2F /* Project object */;
}
